{
  "name": "@wearekadence/botkit",
  "version": "4.16.0-alpha.3",
  "lockfileVersion": 3,
  "requires": true,
  "packages": {
    "": {
      "name": "@wearekadence/botkit",
      "version": "4.16.0-alpha.3",
      "license": "MIT",
      "dependencies": {
        "botbuilder-dialogs": "^4.22.1"
      },
      "devDependencies": {
        "@types/node": "^20.11.20"
      }
    },
    "node_modules/@types/node": {
      "version": "10.17.60",
      "resolved": "https://registry.npmjs.org/@types/node/-/node-10.17.60.tgz",
      "integrity": "sha512-F0KIgDJfy2nA3zMLmWGKxcH2ZVEtCZXHHdOQs2gSaQ27+lNeEfGxzkIw90aXswATX7AZ33tahPbzy6KAfUreVw==",
      "dev": true
    },
    "node_modules/botbuilder-dialogs": {
      "version": "4.22.1",
      "hasInstallScript": true,
      "license": "MIT",
      "dependencies": {
        "@microsoft/recognizers-text-choice": "1.1.4",
        "@microsoft/recognizers-text-date-time": "1.1.4",
        "@microsoft/recognizers-text-number": "1.3.1",
        "@microsoft/recognizers-text-suite": "1.1.4",
        "botbuilder-core": "4.22.1",
        "botbuilder-dialogs-adaptive-runtime-core": "4.22.1-preview",
        "botframework-connector": "4.22.1",
        "globalize": "^1.4.2",
        "lodash": "^4.17.21",
        "uuid": "^8.3.2",
        "zod": "^3.22.4"
      }
    },
    "node_modules/botbuilder-dialogs/node_modules/@azure/abort-controller": {
      "version": "1.1.0",
      "license": "MIT",
      "dependencies": {
        "tslib": "^2.2.0"
      },
      "engines": {
        "node": ">=12.0.0"
      }
    },
    "node_modules/botbuilder-dialogs/node_modules/@azure/core-auth": {
      "version": "1.6.0",
      "license": "MIT",
      "dependencies": {
        "@azure/abort-controller": "^2.0.0",
        "@azure/core-util": "^1.1.0",
        "tslib": "^2.2.0"
      },
      "engines": {
        "node": ">=18.0.0"
      }
    },
    "node_modules/botbuilder-dialogs/node_modules/@azure/core-auth/node_modules/@azure/abort-controller": {
      "version": "2.0.0",
      "license": "MIT",
      "dependencies": {
        "tslib": "^2.2.0"
      },
      "engines": {
        "node": ">=18.0.0"
      }
    },
    "node_modules/botbuilder-dialogs/node_modules/@azure/core-client": {
      "version": "1.8.0",
      "license": "MIT",
      "dependencies": {
        "@azure/abort-controller": "^2.0.0",
        "@azure/core-auth": "^1.4.0",
        "@azure/core-rest-pipeline": "^1.9.1",
        "@azure/core-tracing": "^1.0.0",
        "@azure/core-util": "^1.0.0",
        "@azure/logger": "^1.0.0",
        "tslib": "^2.2.0"
      },
      "engines": {
        "node": ">=18.0.0"
      }
    },
    "node_modules/botbuilder-dialogs/node_modules/@azure/core-client/node_modules/@azure/abort-controller": {
      "version": "2.0.0",
      "license": "MIT",
      "dependencies": {
        "tslib": "^2.2.0"
      },
      "engines": {
        "node": ">=18.0.0"
      }
    },
    "node_modules/botbuilder-dialogs/node_modules/@azure/core-client/node_modules/@azure/core-tracing": {
      "version": "1.0.1",
      "license": "MIT",
      "dependencies": {
        "tslib": "^2.2.0"
      },
      "engines": {
        "node": ">=12.0.0"
      }
    },
    "node_modules/botbuilder-dialogs/node_modules/@azure/core-http": {
      "version": "3.0.4",
      "license": "MIT",
      "dependencies": {
        "@azure/abort-controller": "^1.0.0",
        "@azure/core-auth": "^1.3.0",
        "@azure/core-tracing": "1.0.0-preview.13",
        "@azure/core-util": "^1.1.1",
        "@azure/logger": "^1.0.0",
        "@types/node-fetch": "^2.5.0",
        "@types/tunnel": "^0.0.3",
        "form-data": "^4.0.0",
        "node-fetch": "^2.6.7",
        "process": "^0.11.10",
        "tslib": "^2.2.0",
        "tunnel": "^0.0.6",
        "uuid": "^8.3.0",
        "xml2js": "^0.5.0"
      },
      "engines": {
        "node": ">=14.0.0"
      }
    },
    "node_modules/botbuilder-dialogs/node_modules/@azure/core-rest-pipeline": {
      "version": "1.14.0",
      "license": "MIT",
      "dependencies": {
        "@azure/abort-controller": "^2.0.0",
        "@azure/core-auth": "^1.4.0",
        "@azure/core-tracing": "^1.0.1",
        "@azure/core-util": "^1.3.0",
        "@azure/logger": "^1.0.0",
        "http-proxy-agent": "^5.0.0",
        "https-proxy-agent": "^5.0.0",
        "tslib": "^2.2.0"
      },
      "engines": {
        "node": ">=18.0.0"
      }
    },
    "node_modules/botbuilder-dialogs/node_modules/@azure/core-rest-pipeline/node_modules/@azure/abort-controller": {
      "version": "2.0.0",
      "license": "MIT",
      "dependencies": {
        "tslib": "^2.2.0"
      },
      "engines": {
        "node": ">=18.0.0"
      }
    },
    "node_modules/botbuilder-dialogs/node_modules/@azure/core-rest-pipeline/node_modules/@azure/core-tracing": {
      "version": "1.0.1",
      "license": "MIT",
      "dependencies": {
        "tslib": "^2.2.0"
      },
      "engines": {
        "node": ">=12.0.0"
      }
    },
    "node_modules/botbuilder-dialogs/node_modules/@azure/core-rest-pipeline/node_modules/https-proxy-agent": {
      "version": "5.0.1",
      "license": "MIT",
      "dependencies": {
        "agent-base": "6",
        "debug": "4"
      },
      "engines": {
        "node": ">= 6"
      }
    },
    "node_modules/botbuilder-dialogs/node_modules/@azure/core-tracing": {
      "version": "1.0.0-preview.13",
      "license": "MIT",
      "dependencies": {
        "@opentelemetry/api": "^1.0.1",
        "tslib": "^2.2.0"
      },
      "engines": {
        "node": ">=12.0.0"
      }
    },
    "node_modules/botbuilder-dialogs/node_modules/@azure/core-util": {
      "version": "1.7.0",
      "license": "MIT",
      "dependencies": {
        "@azure/abort-controller": "^2.0.0",
        "tslib": "^2.2.0"
      },
      "engines": {
        "node": ">=18.0.0"
      }
    },
    "node_modules/botbuilder-dialogs/node_modules/@azure/core-util/node_modules/@azure/abort-controller": {
      "version": "2.0.0",
      "license": "MIT",
      "dependencies": {
        "tslib": "^2.2.0"
      },
      "engines": {
        "node": ">=18.0.0"
      }
    },
    "node_modules/botbuilder-dialogs/node_modules/@azure/identity": {
      "version": "2.1.0",
      "license": "MIT",
      "dependencies": {
        "@azure/abort-controller": "^1.0.0",
        "@azure/core-auth": "^1.3.0",
        "@azure/core-client": "^1.4.0",
        "@azure/core-rest-pipeline": "^1.1.0",
        "@azure/core-tracing": "^1.0.0",
        "@azure/core-util": "^1.0.0",
        "@azure/logger": "^1.0.0",
        "@azure/msal-browser": "^2.26.0",
        "@azure/msal-common": "^7.0.0",
        "@azure/msal-node": "^1.10.0",
        "events": "^3.0.0",
        "jws": "^4.0.0",
        "open": "^8.0.0",
        "stoppable": "^1.1.0",
        "tslib": "^2.2.0",
        "uuid": "^8.3.0"
      },
      "engines": {
        "node": ">=12.0.0"
      }
    },
    "node_modules/botbuilder-dialogs/node_modules/@azure/identity/node_modules/@azure/core-tracing": {
      "version": "1.0.1",
      "license": "MIT",
      "dependencies": {
        "tslib": "^2.2.0"
      },
      "engines": {
        "node": ">=12.0.0"
      }
    },
    "node_modules/botbuilder-dialogs/node_modules/@azure/logger": {
      "version": "1.0.4",
      "license": "MIT",
      "dependencies": {
        "tslib": "^2.2.0"
      },
      "engines": {
        "node": ">=14.0.0"
      }
    },
    "node_modules/botbuilder-dialogs/node_modules/@azure/msal-browser": {
      "version": "2.38.3",
      "license": "MIT",
      "dependencies": {
        "@azure/msal-common": "13.3.1"
      },
      "engines": {
        "node": ">=0.8.0"
      }
    },
    "node_modules/botbuilder-dialogs/node_modules/@azure/msal-browser/node_modules/@azure/msal-common": {
      "version": "13.3.1",
      "license": "MIT",
      "engines": {
        "node": ">=0.8.0"
      }
    },
    "node_modules/botbuilder-dialogs/node_modules/@azure/msal-common": {
      "version": "7.6.0",
      "license": "MIT",
      "engines": {
        "node": ">=0.8.0"
      }
    },
    "node_modules/botbuilder-dialogs/node_modules/@azure/msal-node": {
      "version": "1.18.4",
      "license": "MIT",
      "dependencies": {
        "@azure/msal-common": "13.3.1",
        "jsonwebtoken": "^9.0.0",
        "uuid": "^8.3.0"
      },
      "engines": {
        "node": "10 || 12 || 14 || 16 || 18"
      }
    },
    "node_modules/botbuilder-dialogs/node_modules/@azure/msal-node/node_modules/@azure/msal-common": {
      "version": "13.3.1",
      "license": "MIT",
      "engines": {
        "node": ">=0.8.0"
      }
    },
    "node_modules/botbuilder-dialogs/node_modules/@microsoft/recognizers-text": {
      "version": "1.1.4",
      "license": "MIT",
      "engines": {
        "node": ">=6.0.0"
      }
    },
    "node_modules/botbuilder-dialogs/node_modules/@microsoft/recognizers-text-choice": {
      "version": "1.1.4",
      "license": "MIT",
      "dependencies": {
        "@microsoft/recognizers-text": "~1.1.4",
        "grapheme-splitter": "^1.0.2"
      },
      "engines": {
        "node": ">=6.0.0"
      }
    },
    "node_modules/botbuilder-dialogs/node_modules/@microsoft/recognizers-text-date-time": {
      "version": "1.1.4",
      "license": "MIT",
      "dependencies": {
        "@microsoft/recognizers-text": "~1.1.4",
        "@microsoft/recognizers-text-number": "~1.1.4",
        "@microsoft/recognizers-text-number-with-unit": "~1.1.4",
        "lodash.isequal": "^4.5.0",
        "lodash.tonumber": "^4.0.3"
      },
      "engines": {
        "node": ">=6.0.0"
      }
    },
    "node_modules/botbuilder-dialogs/node_modules/@microsoft/recognizers-text-date-time/node_modules/@microsoft/recognizers-text-number": {
      "version": "1.1.4",
      "license": "MIT",
      "dependencies": {
        "@microsoft/recognizers-text": "~1.1.4",
        "bignumber.js": "^7.2.1",
        "lodash.escaperegexp": "^4.1.2",
        "lodash.sortby": "^4.7.0",
        "lodash.trimend": "^4.5.1"
      },
      "engines": {
        "node": ">=6.0.0"
      }
    },
    "node_modules/botbuilder-dialogs/node_modules/@microsoft/recognizers-text-number": {
      "version": "1.3.1",
      "license": "MIT",
      "dependencies": {
        "@microsoft/recognizers-text": "~1.3.1",
        "bignumber.js": "^7.2.1",
        "lodash": "^4.17.21"
      },
      "engines": {
        "node": ">=10.3.0"
      }
    },
    "node_modules/botbuilder-dialogs/node_modules/@microsoft/recognizers-text-number-with-unit": {
      "version": "1.1.4",
      "license": "MIT",
      "dependencies": {
        "@microsoft/recognizers-text": "~1.1.4",
        "@microsoft/recognizers-text-number": "~1.1.4",
        "lodash.escaperegexp": "^4.1.2",
        "lodash.last": "^3.0.0",
        "lodash.max": "^4.0.1"
      },
      "engines": {
        "node": ">=6.0.0"
      }
    },
    "node_modules/botbuilder-dialogs/node_modules/@microsoft/recognizers-text-number-with-unit/node_modules/@microsoft/recognizers-text-number": {
      "version": "1.1.4",
      "license": "MIT",
      "dependencies": {
        "@microsoft/recognizers-text": "~1.1.4",
        "bignumber.js": "^7.2.1",
        "lodash.escaperegexp": "^4.1.2",
        "lodash.sortby": "^4.7.0",
        "lodash.trimend": "^4.5.1"
      },
      "engines": {
        "node": ">=6.0.0"
      }
    },
    "node_modules/botbuilder-dialogs/node_modules/@microsoft/recognizers-text-number/node_modules/@microsoft/recognizers-text": {
      "version": "1.3.1",
      "license": "MIT",
      "engines": {
        "node": ">=10.3.0"
      }
    },
    "node_modules/botbuilder-dialogs/node_modules/@microsoft/recognizers-text-sequence": {
      "version": "1.1.4",
      "license": "MIT",
      "dependencies": {
        "@microsoft/recognizers-text": "~1.1.4",
        "grapheme-splitter": "^1.0.2"
      },
      "engines": {
        "node": ">=6.0.0"
      }
    },
    "node_modules/botbuilder-dialogs/node_modules/@microsoft/recognizers-text-suite": {
      "version": "1.1.4",
      "license": "MIT",
      "dependencies": {
        "@microsoft/recognizers-text": "~1.1.4",
        "@microsoft/recognizers-text-choice": "~1.1.4",
        "@microsoft/recognizers-text-date-time": "~1.1.4",
        "@microsoft/recognizers-text-number": "~1.1.4",
        "@microsoft/recognizers-text-number-with-unit": "~1.1.4",
        "@microsoft/recognizers-text-sequence": "~1.1.4"
      },
      "engines": {
        "node": ">=6.0.0"
      }
    },
    "node_modules/botbuilder-dialogs/node_modules/@microsoft/recognizers-text-suite/node_modules/@microsoft/recognizers-text-number": {
      "version": "1.1.4",
      "license": "MIT",
      "dependencies": {
        "@microsoft/recognizers-text": "~1.1.4",
        "bignumber.js": "^7.2.1",
        "lodash.escaperegexp": "^4.1.2",
        "lodash.sortby": "^4.7.0",
        "lodash.trimend": "^4.5.1"
      },
      "engines": {
        "node": ">=6.0.0"
      }
    },
    "node_modules/botbuilder-dialogs/node_modules/@opentelemetry/api": {
      "version": "1.7.0",
      "license": "Apache-2.0",
      "engines": {
        "node": ">=8.0.0"
      }
    },
    "node_modules/botbuilder-dialogs/node_modules/@tootallnate/once": {
      "version": "2.0.0",
      "license": "MIT",
      "engines": {
        "node": ">= 10"
      }
    },
    "node_modules/botbuilder-dialogs/node_modules/@types/node": {
      "version": "20.11.20",
      "license": "MIT",
      "dependencies": {
        "undici-types": "~5.26.4"
      }
    },
    "node_modules/botbuilder-dialogs/node_modules/@types/node-fetch": {
      "version": "2.6.11",
      "license": "MIT",
      "dependencies": {
        "@types/node": "*",
        "form-data": "^4.0.0"
      }
    },
    "node_modules/botbuilder-dialogs/node_modules/@types/tunnel": {
      "version": "0.0.3",
      "license": "MIT",
      "dependencies": {
        "@types/node": "*"
      }
    },
    "node_modules/botbuilder-dialogs/node_modules/adaptivecards": {
      "version": "1.2.3",
      "license": "MIT"
    },
    "node_modules/botbuilder-dialogs/node_modules/agent-base": {
      "version": "6.0.2",
      "license": "MIT",
      "dependencies": {
        "debug": "4"
      },
      "engines": {
        "node": ">= 6.0.0"
      }
    },
    "node_modules/botbuilder-dialogs/node_modules/asynckit": {
      "version": "0.4.0",
      "license": "MIT"
    },
    "node_modules/botbuilder-dialogs/node_modules/base64url": {
      "version": "3.0.1",
      "license": "MIT",
      "engines": {
        "node": ">=6.0.0"
      }
    },
    "node_modules/botbuilder-dialogs/node_modules/bignumber.js": {
      "version": "7.2.1",
      "license": "MIT",
      "engines": {
        "node": "*"
      }
    },
    "node_modules/botbuilder-dialogs/node_modules/botbuilder-core": {
      "version": "4.22.1",
      "license": "MIT",
      "dependencies": {
        "botbuilder-dialogs-adaptive-runtime-core": "4.22.1-preview",
        "botbuilder-stdlib": "4.22.1-internal",
        "botframework-connector": "4.22.1",
        "botframework-schema": "4.22.1",
        "uuid": "^8.3.2",
        "zod": "^3.22.4"
      }
    },
    "node_modules/botbuilder-dialogs/node_modules/botbuilder-dialogs-adaptive-runtime-core": {
      "version": "4.22.1-preview",
      "license": "MIT",
      "dependencies": {
        "dependency-graph": "^0.10.0"
      }
    },
    "node_modules/botbuilder-dialogs/node_modules/botbuilder-stdlib": {
      "version": "4.22.1-internal",
      "license": "MIT"
    },
    "node_modules/botbuilder-dialogs/node_modules/botframework-connector": {
      "version": "4.22.1",
      "license": "MIT",
      "dependencies": {
        "@azure/core-http": "^3.0.2",
        "@azure/identity": "^2.0.4",
        "@azure/msal-node": "^1.2.0",
        "base64url": "^3.0.0",
        "botbuilder-stdlib": "4.22.1-internal",
        "botframework-schema": "4.22.1",
        "cross-fetch": "^3.0.5",
        "https-proxy-agent": "^7.0.2",
        "jsonwebtoken": "^9.0.0",
        "node-fetch": "^2.6.7",
        "openssl-wrapper": "^0.3.4",
        "rsa-pem-from-mod-exp": "^0.8.4",
        "zod": "^3.22.4"
      }
    },
    "node_modules/botbuilder-dialogs/node_modules/botframework-schema": {
      "version": "4.22.1",
      "license": "MIT",
      "dependencies": {
        "adaptivecards": "1.2.3",
        "uuid": "^8.3.2",
        "zod": "^3.22.4"
      }
    },
    "node_modules/botbuilder-dialogs/node_modules/buffer-equal-constant-time": {
      "version": "1.0.1",
      "license": "BSD-3-Clause"
    },
    "node_modules/botbuilder-dialogs/node_modules/cldrjs": {
      "version": "0.5.5"
    },
    "node_modules/botbuilder-dialogs/node_modules/combined-stream": {
      "version": "1.0.8",
      "license": "MIT",
      "dependencies": {
        "delayed-stream": "~1.0.0"
      },
      "engines": {
        "node": ">= 0.8"
      }
    },
    "node_modules/botbuilder-dialogs/node_modules/cross-fetch": {
      "version": "3.1.8",
      "license": "MIT",
      "dependencies": {
        "node-fetch": "^2.6.12"
      }
    },
    "node_modules/botbuilder-dialogs/node_modules/debug": {
      "version": "4.3.4",
      "license": "MIT",
      "dependencies": {
        "ms": "2.1.2"
      },
      "engines": {
        "node": ">=6.0"
      },
      "peerDependenciesMeta": {
        "supports-color": {
          "optional": true
        }
      }
    },
    "node_modules/botbuilder-dialogs/node_modules/define-lazy-prop": {
      "version": "2.0.0",
      "license": "MIT",
      "engines": {
        "node": ">=8"
      }
    },
    "node_modules/botbuilder-dialogs/node_modules/delayed-stream": {
      "version": "1.0.0",
      "license": "MIT",
      "engines": {
        "node": ">=0.4.0"
      }
    },
    "node_modules/botbuilder-dialogs/node_modules/dependency-graph": {
      "version": "0.10.0",
      "license": "MIT",
      "engines": {
        "node": ">= 0.6.0"
      }
    },
    "node_modules/botbuilder-dialogs/node_modules/ecdsa-sig-formatter": {
      "version": "1.0.11",
      "license": "Apache-2.0",
      "dependencies": {
        "safe-buffer": "^5.0.1"
      }
    },
    "node_modules/botbuilder-dialogs/node_modules/events": {
      "version": "3.3.0",
      "license": "MIT",
      "engines": {
        "node": ">=0.8.x"
      }
    },
    "node_modules/botbuilder-dialogs/node_modules/form-data": {
      "version": "4.0.0",
      "license": "MIT",
      "dependencies": {
        "asynckit": "^0.4.0",
        "combined-stream": "^1.0.8",
        "mime-types": "^2.1.12"
      },
      "engines": {
        "node": ">= 6"
      }
    },
    "node_modules/botbuilder-dialogs/node_modules/globalize": {
      "version": "1.7.0",
      "license": "MIT",
      "dependencies": {
        "cldrjs": "^0.5.4"
      }
    },
    "node_modules/botbuilder-dialogs/node_modules/grapheme-splitter": {
      "version": "1.0.4",
      "license": "MIT"
    },
    "node_modules/botbuilder-dialogs/node_modules/http-proxy-agent": {
      "version": "5.0.0",
      "license": "MIT",
      "dependencies": {
        "@tootallnate/once": "2",
        "agent-base": "6",
        "debug": "4"
      },
      "engines": {
        "node": ">= 6"
      }
    },
    "node_modules/botbuilder-dialogs/node_modules/https-proxy-agent": {
      "version": "7.0.4",
      "license": "MIT",
      "dependencies": {
        "agent-base": "^7.0.2",
        "debug": "4"
      },
      "engines": {
        "node": ">= 14"
      }
    },
    "node_modules/botbuilder-dialogs/node_modules/https-proxy-agent/node_modules/agent-base": {
      "version": "7.1.0",
      "license": "MIT",
      "dependencies": {
        "debug": "^4.3.4"
      },
      "engines": {
        "node": ">= 14"
      }
    },
    "node_modules/botbuilder-dialogs/node_modules/is-docker": {
      "version": "2.2.1",
      "license": "MIT",
      "bin": {
        "is-docker": "cli.js"
      },
      "engines": {
        "node": ">=8"
      },
      "funding": {
        "url": "https://github.com/sponsors/sindresorhus"
      }
    },
    "node_modules/botbuilder-dialogs/node_modules/is-wsl": {
      "version": "2.2.0",
      "license": "MIT",
      "dependencies": {
        "is-docker": "^2.0.0"
      },
      "engines": {
        "node": ">=8"
      }
    },
    "node_modules/botbuilder-dialogs/node_modules/jsonwebtoken": {
      "version": "9.0.2",
      "license": "MIT",
      "dependencies": {
        "jws": "^3.2.2",
        "lodash.includes": "^4.3.0",
        "lodash.isboolean": "^3.0.3",
        "lodash.isinteger": "^4.0.4",
        "lodash.isnumber": "^3.0.3",
        "lodash.isplainobject": "^4.0.6",
        "lodash.isstring": "^4.0.1",
        "lodash.once": "^4.0.0",
        "ms": "^2.1.1",
        "semver": "^7.5.4"
      },
      "engines": {
        "node": ">=12",
        "npm": ">=6"
      }
    },
    "node_modules/botbuilder-dialogs/node_modules/jsonwebtoken/node_modules/jwa": {
      "version": "1.4.1",
      "license": "MIT",
      "dependencies": {
        "buffer-equal-constant-time": "1.0.1",
        "ecdsa-sig-formatter": "1.0.11",
        "safe-buffer": "^5.0.1"
      }
    },
    "node_modules/botbuilder-dialogs/node_modules/jsonwebtoken/node_modules/jws": {
      "version": "3.2.2",
      "license": "MIT",
      "dependencies": {
        "jwa": "^1.4.1",
        "safe-buffer": "^5.0.1"
      }
    },
    "node_modules/botbuilder-dialogs/node_modules/jwa": {
      "version": "2.0.0",
      "license": "MIT",
      "dependencies": {
        "buffer-equal-constant-time": "1.0.1",
        "ecdsa-sig-formatter": "1.0.11",
        "safe-buffer": "^5.0.1"
      }
    },
    "node_modules/botbuilder-dialogs/node_modules/jws": {
      "version": "4.0.0",
      "license": "MIT",
      "dependencies": {
        "jwa": "^2.0.0",
        "safe-buffer": "^5.0.1"
      }
    },
    "node_modules/botbuilder-dialogs/node_modules/lodash": {
      "version": "4.17.21",
      "license": "MIT"
    },
    "node_modules/botbuilder-dialogs/node_modules/lodash.escaperegexp": {
      "version": "4.1.2",
      "license": "MIT"
    },
    "node_modules/botbuilder-dialogs/node_modules/lodash.includes": {
      "version": "4.3.0",
      "license": "MIT"
    },
    "node_modules/botbuilder-dialogs/node_modules/lodash.isboolean": {
      "version": "3.0.3",
      "license": "MIT"
    },
    "node_modules/botbuilder-dialogs/node_modules/lodash.isequal": {
      "version": "4.5.0",
      "license": "MIT"
    },
    "node_modules/botbuilder-dialogs/node_modules/lodash.isinteger": {
      "version": "4.0.4",
      "license": "MIT"
    },
    "node_modules/botbuilder-dialogs/node_modules/lodash.isnumber": {
      "version": "3.0.3",
      "license": "MIT"
    },
    "node_modules/botbuilder-dialogs/node_modules/lodash.isplainobject": {
      "version": "4.0.6",
      "license": "MIT"
    },
    "node_modules/botbuilder-dialogs/node_modules/lodash.isstring": {
      "version": "4.0.1",
      "license": "MIT"
    },
    "node_modules/botbuilder-dialogs/node_modules/lodash.last": {
      "version": "3.0.0",
      "license": "MIT"
    },
    "node_modules/botbuilder-dialogs/node_modules/lodash.max": {
      "version": "4.0.1",
      "license": "MIT"
    },
    "node_modules/botbuilder-dialogs/node_modules/lodash.once": {
      "version": "4.1.1",
      "license": "MIT"
    },
    "node_modules/botbuilder-dialogs/node_modules/lodash.sortby": {
      "version": "4.7.0",
      "license": "MIT"
    },
    "node_modules/botbuilder-dialogs/node_modules/lodash.tonumber": {
      "version": "4.0.3",
      "license": "MIT"
    },
    "node_modules/botbuilder-dialogs/node_modules/lodash.trimend": {
      "version": "4.5.1",
      "license": "MIT"
    },
    "node_modules/botbuilder-dialogs/node_modules/lru-cache": {
      "version": "6.0.0",
      "license": "ISC",
      "dependencies": {
        "yallist": "^4.0.0"
      },
      "engines": {
        "node": ">=10"
      }
    },
    "node_modules/botbuilder-dialogs/node_modules/mime-db": {
      "version": "1.52.0",
      "license": "MIT",
      "engines": {
        "node": ">= 0.6"
      }
    },
    "node_modules/botbuilder-dialogs/node_modules/mime-types": {
      "version": "2.1.35",
      "license": "MIT",
      "dependencies": {
        "mime-db": "1.52.0"
      },
      "engines": {
        "node": ">= 0.6"
      }
    },
    "node_modules/botbuilder-dialogs/node_modules/ms": {
      "version": "2.1.2",
      "license": "MIT"
    },
    "node_modules/botbuilder-dialogs/node_modules/node-fetch": {
      "version": "2.7.0",
      "license": "MIT",
      "dependencies": {
        "whatwg-url": "^5.0.0"
      },
      "engines": {
        "node": "4.x || >=6.0.0"
      },
      "peerDependencies": {
        "encoding": "^0.1.0"
      },
      "peerDependenciesMeta": {
        "encoding": {
          "optional": true
        }
      }
    },
    "node_modules/botbuilder-dialogs/node_modules/open": {
      "version": "8.4.2",
      "license": "MIT",
      "dependencies": {
        "define-lazy-prop": "^2.0.0",
        "is-docker": "^2.1.1",
        "is-wsl": "^2.2.0"
      },
      "engines": {
        "node": ">=12"
      },
      "funding": {
        "url": "https://github.com/sponsors/sindresorhus"
      }
    },
    "node_modules/botbuilder-dialogs/node_modules/openssl-wrapper": {
      "version": "0.3.4",
      "license": "MIT"
    },
    "node_modules/botbuilder-dialogs/node_modules/process": {
      "version": "0.11.10",
      "license": "MIT",
      "engines": {
        "node": ">= 0.6.0"
      }
    },
    "node_modules/botbuilder-dialogs/node_modules/rsa-pem-from-mod-exp": {
      "version": "0.8.6",
      "license": "MIT"
    },
    "node_modules/botbuilder-dialogs/node_modules/safe-buffer": {
      "version": "5.2.1",
      "funding": [
        {
          "type": "github",
          "url": "https://github.com/sponsors/feross"
        },
        {
          "type": "patreon",
          "url": "https://www.patreon.com/feross"
        },
        {
          "type": "consulting",
          "url": "https://feross.org/support"
        }
      ],
      "license": "MIT"
    },
    "node_modules/botbuilder-dialogs/node_modules/sax": {
      "version": "1.3.0",
      "license": "ISC"
    },
    "node_modules/botbuilder-dialogs/node_modules/semver": {
      "version": "7.6.0",
      "license": "ISC",
      "dependencies": {
        "lru-cache": "^6.0.0"
      },
      "bin": {
        "semver": "bin/semver.js"
      },
      "engines": {
        "node": ">=10"
      }
    },
    "node_modules/botbuilder-dialogs/node_modules/stoppable": {
      "version": "1.1.0",
      "license": "MIT",
      "engines": {
        "node": ">=4",
        "npm": ">=6"
      }
    },
    "node_modules/botbuilder-dialogs/node_modules/tr46": {
      "version": "0.0.3",
      "license": "MIT"
    },
    "node_modules/botbuilder-dialogs/node_modules/tslib": {
      "version": "2.6.2",
      "license": "0BSD"
    },
    "node_modules/botbuilder-dialogs/node_modules/tunnel": {
      "version": "0.0.6",
      "license": "MIT",
      "engines": {
        "node": ">=0.6.11 <=0.7.0 || >=0.7.3"
      }
    },
    "node_modules/botbuilder-dialogs/node_modules/undici-types": {
      "version": "5.26.5",
      "license": "MIT"
    },
    "node_modules/botbuilder-dialogs/node_modules/uuid": {
      "version": "8.3.2",
      "license": "MIT",
      "bin": {
        "uuid": "dist/bin/uuid"
      }
    },
    "node_modules/botbuilder-dialogs/node_modules/webidl-conversions": {
      "version": "3.0.1",
      "license": "BSD-2-Clause"
    },
    "node_modules/botbuilder-dialogs/node_modules/whatwg-url": {
      "version": "5.0.0",
      "license": "MIT",
      "dependencies": {
        "tr46": "~0.0.3",
        "webidl-conversions": "^3.0.0"
      }
    },
    "node_modules/botbuilder-dialogs/node_modules/xml2js": {
      "version": "0.5.0",
      "license": "MIT",
      "dependencies": {
        "sax": ">=0.6.0",
        "xmlbuilder": "~11.0.0"
      },
      "engines": {
        "node": ">=4.0.0"
      }
    },
    "node_modules/botbuilder-dialogs/node_modules/xmlbuilder": {
      "version": "11.0.1",
      "license": "MIT",
      "engines": {
        "node": ">=4.0"
      }
    },
    "node_modules/botbuilder-dialogs/node_modules/yallist": {
      "version": "4.0.0",
      "license": "ISC"
    },
    "node_modules/botbuilder-dialogs/node_modules/zod": {
      "version": "3.22.4",
      "license": "MIT",
      "funding": {
        "url": "https://github.com/sponsors/colinhacks"
      }
    }
  }
}
