{
  "name": "@wearekadence/botkit-plugin-cms",
  "version": "1.2.2-alpha.0",
  "lockfileVersion": 3,
  "requires": true,
  "packages": {
    "": {
      "name": "@wearekadence/botkit-plugin-cms",
      "version": "1.2.2-alpha.0",
      "license": "MIT",
      "devDependencies": {
        "@types/node": "^20.11.20"
      }
    },
    "../botkit": {
      "name": "@wearekadence/botkit",
      "version": "4.16.0-alpha.2",
      "extraneous": true,
      "license": "MIT",
      "dependencies": {
        "botbuilder-dialogs": "^4.15.0"
      },
      "devDependencies": {
        "@types/node": "^10.17.5"
      }
    },
    "node_modules/@types/node": {
      "version": "10.17.60",
      "resolved": "https://registry.npmjs.org/@types/node/-/node-10.17.60.tgz",
      "integrity": "sha512-F0KIgDJfy2nA3zMLmWGKxcH2ZVEtCZXHHdOQs2gSaQ27+lNeEfGxzkIw90aXswATX7AZ33tahPbzy6KAfUreVw==",
      "dev": true
    }
  }
}